
Microsoft Visual Studio Solution File, Format Version 12.00
# Visual Studio Version 16
VisualStudioVersion = 16.0.31729.503
MinimumVisualStudioVersion = 10.0.40219.1
Project("{8BC9CEB8-8B4A-11D0-8D11-00A0C91BC942}") = "networkTest", "networkTest\networkTest.vcxproj", "{D8FAE3CD-5FE0-4270-9D8E-E9744EE21C2D}"
EndProject
Project("{2150E333-8FDC-42A3-9474-1A3956D46DE8}") = "submodule", "submodule", "{6F3FD04D-DEDE-405A-8895-2ECEFC599009}"
EndProject
Project("{8BC9CEB8-8B4A-11D0-8D11-00A0C91BC942}") = "dataTransfer", "dataTransfer\dataTransfer\dataTransfer.vcxproj", "{2FC8E796-DE17-4AEA-9438-6FAB1FA82924}"
EndProject
Project("{8BC9CEB8-8B4A-11D0-8D11-00A0C91BC942}") = "wname", "dataTransfer\wname\wname\wname.vcxproj", "{1FFB8D86-7479-4457-BE6C-7F21A9FE9429}"
EndProject
Global
	GlobalSection(SolutionConfigurationPlatforms) = preSolution
		Debug|x64 = Debug|x64
		Debug|x86 = Debug|x86
		Release|x64 = Release|x64
		Release|x86 = Release|x86
	EndGlobalSection
	GlobalSection(ProjectConfigurationPlatforms) = postSolution
		{D8FAE3CD-5FE0-4270-9D8E-E9744EE21C2D}.Debug|x64.ActiveCfg = Debug|x64
		{D8FAE3CD-5FE0-4270-9D8E-E9744EE21C2D}.Debug|x64.Build.0 = Debug|x64
		{D8FAE3CD-5FE0-4270-9D8E-E9744EE21C2D}.Debug|x86.ActiveCfg = Debug|Win32
		{D8FAE3CD-5FE0-4270-9D8E-E9744EE21C2D}.Debug|x86.Build.0 = Debug|Win32
		{D8FAE3CD-5FE0-4270-9D8E-E9744EE21C2D}.Release|x64.ActiveCfg = Release|x64
		{D8FAE3CD-5FE0-4270-9D8E-E9744EE21C2D}.Release|x64.Build.0 = Release|x64
		{D8FAE3CD-5FE0-4270-9D8E-E9744EE21C2D}.Release|x86.ActiveCfg = Release|Win32
		{D8FAE3CD-5FE0-4270-9D8E-E9744EE21C2D}.Release|x86.Build.0 = Release|Win32
		{2FC8E796-DE17-4AEA-9438-6FAB1FA82924}.Debug|x64.ActiveCfg = Debug_LIB|x64
		{2FC8E796-DE17-4AEA-9438-6FAB1FA82924}.Debug|x64.Build.0 = Debug_LIB|x64
		{2FC8E796-DE17-4AEA-9438-6FAB1FA82924}.Debug|x86.ActiveCfg = Debug_LIB|Win32
		{2FC8E796-DE17-4AEA-9438-6FAB1FA82924}.Debug|x86.Build.0 = Debug_LIB|Win32
		{2FC8E796-DE17-4AEA-9438-6FAB1FA82924}.Release|x64.ActiveCfg = Release_LIB|x64
		{2FC8E796-DE17-4AEA-9438-6FAB1FA82924}.Release|x64.Build.0 = Release_LIB|x64
		{2FC8E796-DE17-4AEA-9438-6FAB1FA82924}.Release|x86.ActiveCfg = Release_LIB|Win32
		{2FC8E796-DE17-4AEA-9438-6FAB1FA82924}.Release|x86.Build.0 = Release_LIB|Win32
		{1FFB8D86-7479-4457-BE6C-7F21A9FE9429}.Debug|x64.ActiveCfg = Debug_LIB|x64
		{1FFB8D86-7479-4457-BE6C-7F21A9FE9429}.Debug|x64.Build.0 = Debug_LIB|x64
		{1FFB8D86-7479-4457-BE6C-7F21A9FE9429}.Debug|x86.ActiveCfg = Debug_LIB|Win32
		{1FFB8D86-7479-4457-BE6C-7F21A9FE9429}.Debug|x86.Build.0 = Debug_LIB|Win32
		{1FFB8D86-7479-4457-BE6C-7F21A9FE9429}.Release|x64.ActiveCfg = Release_LIB|x64
		{1FFB8D86-7479-4457-BE6C-7F21A9FE9429}.Release|x64.Build.0 = Release_LIB|x64
		{1FFB8D86-7479-4457-BE6C-7F21A9FE9429}.Release|x86.ActiveCfg = Release_LIB|Win32
		{1FFB8D86-7479-4457-BE6C-7F21A9FE9429}.Release|x86.Build.0 = Release_LIB|Win32
	EndGlobalSection
	GlobalSection(SolutionProperties) = preSolution
		HideSolutionNode = FALSE
	EndGlobalSection
	GlobalSection(NestedProjects) = preSolution
		{2FC8E796-DE17-4AEA-9438-6FAB1FA82924} = {6F3FD04D-DEDE-405A-8895-2ECEFC599009}
		{1FFB8D86-7479-4457-BE6C-7F21A9FE9429} = {6F3FD04D-DEDE-405A-8895-2ECEFC599009}
	EndGlobalSection
	GlobalSection(ExtensibilityGlobals) = postSolution
		SolutionGuid = {46A1DD72-253B-4855-AE13-B9C976C24471}
	EndGlobalSection
EndGlobal
